// !$*UTF8*$!
{
	archiveVersion = 1;
	classes = {
	};
	objectVersion = 56;
	objects = {

/* Begin PBXBuildFile section */
		872975712A87B29400748E76 /* ArrayUtil.swift in Sources */ = {isa = PBXBuildFile; fileRef = 872975702A87B29400748E76 /* ArrayUtil.swift */; };
		872975732A88E43600748E76 /* SudokuGenerator.swift in Sources */ = {isa = PBXBuildFile; fileRef = 872975722A88E43600748E76 /* SudokuGenerator.swift */; };
		873CFC8D2A7FCBF6000A88C3 /* Sudoku.swift in Sources */ = {isa = PBXBuildFile; fileRef = 873CFC8C2A7FCBF6000A88C3 /* Sudoku.swift */; };
		874B7AB729E4283C001BFE31 /* SudokuApp.swift in Sources */ = {isa = PBXBuildFile; fileRef = 874B7AB629E4283C001BFE31 /* SudokuApp.swift */; };
		874B7AB929E4283C001BFE31 /* ContentView.swift in Sources */ = {isa = PBXBuildFile; fileRef = 874B7AB829E4283C001BFE31 /* ContentView.swift */; };
		874B7ABB29E42841001BFE31 /* Assets.xcassets in Resources */ = {isa = PBXBuildFile; fileRef = 874B7ABA29E42841001BFE31 /* Assets.xcassets */; };
		874B7ABE29E42841001BFE31 /* Preview Assets.xcassets in Resources */ = {isa = PBXBuildFile; fileRef = 874B7ABD29E42841001BFE31 /* Preview Assets.xcassets */; };
		874B7AC029E42841001BFE31 /* Persistence.swift in Sources */ = {isa = PBXBuildFile; fileRef = 874B7ABF29E42841001BFE31 /* Persistence.swift */; };
		874B7AC329E42841001BFE31 /* Sudoku.xcdatamodeld in Sources */ = {isa = PBXBuildFile; fileRef = 874B7AC129E42841001BFE31 /* Sudoku.xcdatamodeld */; };
		8758E4392AB5A911000EFC9F /* NavigationTestView.swift in Sources */ = {isa = PBXBuildFile; fileRef = 8758E4382AB5A910000EFC9F /* NavigationTestView.swift */; };
		876400F52A5048A800D3398E /* BoardData.swift in Sources */ = {isa = PBXBuildFile; fileRef = 876400F42A5048A800D3398E /* BoardData.swift */; };
		878585222A3DDF590063C9E3 /* NewGameView.swift in Sources */ = {isa = PBXBuildFile; fileRef = 878585212A3DDF590063C9E3 /* NewGameView.swift */; };
		878585262A3F3B940063C9E3 /* ColorExtension.swift in Sources */ = {isa = PBXBuildFile; fileRef = 878585252A3F3B940063C9E3 /* ColorExtension.swift */; };
		878585282A471CD40063C9E3 /* TimerTestView.swift in Sources */ = {isa = PBXBuildFile; fileRef = 878585272A471CD30063C9E3 /* TimerTestView.swift */; };
		87C28B802B12122800F6E5F7 /* SettingsView.swift in Sources */ = {isa = PBXBuildFile; fileRef = 87C28B7F2B12122800F6E5F7 /* SettingsView.swift */; };
		87CD8DC42B13672F00E96FEB /* ViewUtil.swift in Sources */ = {isa = PBXBuildFile; fileRef = 87CD8DC32B13672F00E96FEB /* ViewUtil.swift */; };
		87E530D42AA4C62D004059E8 /* NavigationStackView.swift in Sources */ = {isa = PBXBuildFile; fileRef = 87E530D32AA4C62D004059E8 /* NavigationStackView.swift */; };
		87E79F742A0FE17600B6AE73 /* README.md in Resources */ = {isa = PBXBuildFile; fileRef = 87E79F732A0FE17600B6AE73 /* README.md */; };
		87E79F772A111BC600B6AE73 /* MainMenuView.swift in Sources */ = {isa = PBXBuildFile; fileRef = 87E79F762A111BC600B6AE73 /* MainMenuView.swift */; };
		87E79F792A111C3A00B6AE73 /* NamedFont.swift in Sources */ = {isa = PBXBuildFile; fileRef = 87E79F782A111C3A00B6AE73 /* NamedFont.swift */; };
		87F1212B29EAAFA9008FD529 /* BoardView.swift in Sources */ = {isa = PBXBuildFile; fileRef = 87F1212A29EAAFA9008FD529 /* BoardView.swift */; };
		87F1213529EAB032008FD529 /* Logger.swift in Sources */ = {isa = PBXBuildFile; fileRef = 87F1212E29EAB032008FD529 /* Logger.swift */; };
		87F1213629EAB032008FD529 /* LanguageSettings.swift in Sources */ = {isa = PBXBuildFile; fileRef = 87F1212F29EAB032008FD529 /* LanguageSettings.swift */; };
		87F1213729EAB032008FD529 /* Localizer.swift in Sources */ = {isa = PBXBuildFile; fileRef = 87F1213029EAB032008FD529 /* Localizer.swift */; };
		87F1213829EAB032008FD529 /* FileUtil.swift in Sources */ = {isa = PBXBuildFile; fileRef = 87F1213129EAB032008FD529 /* FileUtil.swift */; };
		87F1213929EAB032008FD529 /* StringExtension.swift in Sources */ = {isa = PBXBuildFile; fileRef = 87F1213229EAB032008FD529 /* StringExtension.swift */; };
		87F1213A29EAB032008FD529 /* UIImageExtension.swift in Sources */ = {isa = PBXBuildFile; fileRef = 87F1213329EAB032008FD529 /* UIImageExtension.swift */; };
/* End PBXBuildFile section */

/* Begin PBXFileReference section */
		872975702A87B29400748E76 /* ArrayUtil.swift */ = {isa = PBXFileReference; lastKnownFileType = sourcecode.swift; path = ArrayUtil.swift; sourceTree = "<group>"; };
		872975722A88E43600748E76 /* SudokuGenerator.swift */ = {isa = PBXFileReference; lastKnownFileType = sourcecode.swift; path = SudokuGenerator.swift; sourceTree = "<group>"; };
		873CFC8C2A7FCBF6000A88C3 /* Sudoku.swift */ = {isa = PBXFileReference; lastKnownFileType = sourcecode.swift; path = Sudoku.swift; sourceTree = "<group>"; };
		874B7AB329E4283C001BFE31 /* Sudoku.app */ = {isa = PBXFileReference; explicitFileType = wrapper.application; includeInIndex = 0; path = Sudoku.app; sourceTree = BUILT_PRODUCTS_DIR; };
		874B7AB629E4283C001BFE31 /* SudokuApp.swift */ = {isa = PBXFileReference; lastKnownFileType = sourcecode.swift; path = SudokuApp.swift; sourceTree = "<group>"; };
		874B7AB829E4283C001BFE31 /* ContentView.swift */ = {isa = PBXFileReference; lastKnownFileType = sourcecode.swift; path = ContentView.swift; sourceTree = "<group>"; };
		874B7ABA29E42841001BFE31 /* Assets.xcassets */ = {isa = PBXFileReference; lastKnownFileType = folder.assetcatalog; path = Assets.xcassets; sourceTree = "<group>"; };
		874B7ABD29E42841001BFE31 /* Preview Assets.xcassets */ = {isa = PBXFileReference; lastKnownFileType = folder.assetcatalog; path = "Preview Assets.xcassets"; sourceTree = "<group>"; };
		874B7ABF29E42841001BFE31 /* Persistence.swift */ = {isa = PBXFileReference; lastKnownFileType = sourcecode.swift; path = Persistence.swift; sourceTree = "<group>"; };
		874B7AC229E42841001BFE31 /* Sudoku.xcdatamodel */ = {isa = PBXFileReference; lastKnownFileType = wrapper.xcdatamodel; path = Sudoku.xcdatamodel; sourceTree = "<group>"; };
		8758E4382AB5A910000EFC9F /* NavigationTestView.swift */ = {isa = PBXFileReference; lastKnownFileType = sourcecode.swift; path = NavigationTestView.swift; sourceTree = "<group>"; };
		876400F42A5048A800D3398E /* BoardData.swift */ = {isa = PBXFileReference; lastKnownFileType = sourcecode.swift; path = BoardData.swift; sourceTree = "<group>"; };
		878585212A3DDF590063C9E3 /* NewGameView.swift */ = {isa = PBXFileReference; lastKnownFileType = sourcecode.swift; path = NewGameView.swift; sourceTree = "<group>"; };
		878585252A3F3B940063C9E3 /* ColorExtension.swift */ = {isa = PBXFileReference; lastKnownFileType = sourcecode.swift; path = ColorExtension.swift; sourceTree = "<group>"; };
		878585272A471CD30063C9E3 /* TimerTestView.swift */ = {isa = PBXFileReference; lastKnownFileType = sourcecode.swift; path = TimerTestView.swift; sourceTree = "<group>"; };
		87C28B7F2B12122800F6E5F7 /* SettingsView.swift */ = {isa = PBXFileReference; lastKnownFileType = sourcecode.swift; path = SettingsView.swift; sourceTree = "<group>"; };
		87CD8DC32B13672F00E96FEB /* ViewUtil.swift */ = {isa = PBXFileReference; lastKnownFileType = sourcecode.swift; path = ViewUtil.swift; sourceTree = "<group>"; };
		87E530D32AA4C62D004059E8 /* NavigationStackView.swift */ = {isa = PBXFileReference; lastKnownFileType = sourcecode.swift; path = NavigationStackView.swift; sourceTree = "<group>"; };
		87E79F732A0FE17600B6AE73 /* README.md */ = {isa = PBXFileReference; fileEncoding = 4; lastKnownFileType = net.daringfireball.markdown; path = README.md; sourceTree = "<group>"; };
		87E79F762A111BC600B6AE73 /* MainMenuView.swift */ = {isa = PBXFileReference; lastKnownFileType = sourcecode.swift; path = MainMenuView.swift; sourceTree = "<group>"; };
		87E79F782A111C3A00B6AE73 /* NamedFont.swift */ = {isa = PBXFileReference; lastKnownFileType = sourcecode.swift; path = NamedFont.swift; sourceTree = "<group>"; };
		87F1212A29EAAFA9008FD529 /* BoardView.swift */ = {isa = PBXFileReference; lastKnownFileType = sourcecode.swift; path = BoardView.swift; sourceTree = "<group>"; };
		87F1212E29EAB032008FD529 /* Logger.swift */ = {isa = PBXFileReference; fileEncoding = 4; lastKnownFileType = sourcecode.swift; path = Logger.swift; sourceTree = "<group>"; };
		87F1212F29EAB032008FD529 /* LanguageSettings.swift */ = {isa = PBXFileReference; fileEncoding = 4; lastKnownFileType = sourcecode.swift; path = LanguageSettings.swift; sourceTree = "<group>"; };
		87F1213029EAB032008FD529 /* Localizer.swift */ = {isa = PBXFileReference; fileEncoding = 4; lastKnownFileType = sourcecode.swift; path = Localizer.swift; sourceTree = "<group>"; };
		87F1213129EAB032008FD529 /* FileUtil.swift */ = {isa = PBXFileReference; fileEncoding = 4; lastKnownFileType = sourcecode.swift; path = FileUtil.swift; sourceTree = "<group>"; };
		87F1213229EAB032008FD529 /* StringExtension.swift */ = {isa = PBXFileReference; fileEncoding = 4; lastKnownFileType = sourcecode.swift; path = StringExtension.swift; sourceTree = "<group>"; };
		87F1213329EAB032008FD529 /* UIImageExtension.swift */ = {isa = PBXFileReference; fileEncoding = 4; lastKnownFileType = sourcecode.swift; path = UIImageExtension.swift; sourceTree = "<group>"; };
/* End PBXFileReference section */

/* Begin PBXFrameworksBuildPhase section */
		874B7AB029E4283B001BFE31 /* Frameworks */ = {
			isa = PBXFrameworksBuildPhase;
			buildActionMask = 2147483647;
			files = (
			);
			runOnlyForDeploymentPostprocessing = 0;
		};
/* End PBXFrameworksBuildPhase section */

/* Begin PBXGroup section */
		874B7AAA29E4283B001BFE31 = {
			isa = PBXGroup;
			children = (
				87E79F732A0FE17600B6AE73 /* README.md */,
				874B7AB529E4283C001BFE31 /* Sudoku */,
				874B7AB429E4283C001BFE31 /* Products */,
			);
			sourceTree = "<group>";
		};
		874B7AB429E4283C001BFE31 /* Products */ = {
			isa = PBXGroup;
			children = (
				874B7AB329E4283C001BFE31 /* Sudoku.app */,
			);
			name = Products;
			sourceTree = "<group>";
		};
		874B7AB529E4283C001BFE31 /* Sudoku */ = {
			isa = PBXGroup;
			children = (
				8758E4372AB5A88E000EFC9F /* Test */,
				87F1212C29EAB032008FD529 /* Utils */,
				874B7AB629E4283C001BFE31 /* SudokuApp.swift */,
				87F1212A29EAAFA9008FD529 /* BoardView.swift */,
				87E79F762A111BC600B6AE73 /* MainMenuView.swift */,
				878585212A3DDF590063C9E3 /* NewGameView.swift */,
				87C28B7F2B12122800F6E5F7 /* SettingsView.swift */,
				874B7ABA29E42841001BFE31 /* Assets.xcassets */,
				874B7AC129E42841001BFE31 /* Sudoku.xcdatamodeld */,
				874B7ABC29E42841001BFE31 /* Preview Content */,
				876400F42A5048A800D3398E /* BoardData.swift */,
				874B7ABF29E42841001BFE31 /* Persistence.swift */,
				873CFC8C2A7FCBF6000A88C3 /* Sudoku.swift */,
				872975722A88E43600748E76 /* SudokuGenerator.swift */,
			);
			path = Sudoku;
			sourceTree = "<group>";
		};
		874B7ABC29E42841001BFE31 /* Preview Content */ = {
			isa = PBXGroup;
			children = (
				874B7ABD29E42841001BFE31 /* Preview Assets.xcassets */,
			);
			path = "Preview Content";
			sourceTree = "<group>";
		};
		8758E4372AB5A88E000EFC9F /* Test */ = {
			isa = PBXGroup;
			children = (
				874B7AB829E4283C001BFE31 /* ContentView.swift */,
				878585272A471CD30063C9E3 /* TimerTestView.swift */,
				87E530D32AA4C62D004059E8 /* NavigationStackView.swift */,
				8758E4382AB5A910000EFC9F /* NavigationTestView.swift */,
			);
			path = Test;
			sourceTree = "<group>";
		};
		87F1212C29EAB032008FD529 /* Utils */ = {
			isa = PBXGroup;
			children = (
				87F1212E29EAB032008FD529 /* Logger.swift */,
				87F1212F29EAB032008FD529 /* LanguageSettings.swift */,
				87F1213029EAB032008FD529 /* Localizer.swift */,
				87F1213129EAB032008FD529 /* FileUtil.swift */,
				87F1213229EAB032008FD529 /* StringExtension.swift */,
				87F1213329EAB032008FD529 /* UIImageExtension.swift */,
				87E79F782A111C3A00B6AE73 /* NamedFont.swift */,
				878585252A3F3B940063C9E3 /* ColorExtension.swift */,
				872975702A87B29400748E76 /* ArrayUtil.swift */,
				87CD8DC32B13672F00E96FEB /* ViewUtil.swift */,
			);
			path = Utils;
			sourceTree = "<group>";
		};
/* End PBXGroup section */

/* Begin PBXNativeTarget section */
		874B7AB229E4283B001BFE31 /* Sudoku */ = {
			isa = PBXNativeTarget;
			buildConfigurationList = 874B7AC629E42841001BFE31 /* Build configuration list for PBXNativeTarget "Sudoku" */;
			buildPhases = (
				874B7AAF29E4283B001BFE31 /* Sources */,
				874B7AB029E4283B001BFE31 /* Frameworks */,
				874B7AB129E4283B001BFE31 /* Resources */,
			);
			buildRules = (
			);
			dependencies = (
			);
			name = Sudoku;
			productName = Sudoku;
			productReference = 874B7AB329E4283C001BFE31 /* Sudoku.app */;
			productType = "com.apple.product-type.application";
		};
/* End PBXNativeTarget section */

/* Begin PBXProject section */
		874B7AAB29E4283B001BFE31 /* Project object */ = {
			isa = PBXProject;
			attributes = {
				BuildIndependentTargetsInParallel = 1;
				LastSwiftUpdateCheck = 1430;
				LastUpgradeCheck = 1500;
				TargetAttributes = {
					874B7AB229E4283B001BFE31 = {
						CreatedOnToolsVersion = 14.3;
					};
				};
			};
			buildConfigurationList = 874B7AAE29E4283B001BFE31 /* Build configuration list for PBXProject "Sudoku" */;
			compatibilityVersion = "Xcode 14.0";
			developmentRegion = en;
			hasScannedForEncodings = 0;
			knownRegions = (
				en,
				Base,
			);
			mainGroup = 874B7AAA29E4283B001BFE31;
			productRefGroup = 874B7AB429E4283C001BFE31 /* Products */;
			projectDirPath = "";
			projectRoot = "";
			targets = (
				874B7AB229E4283B001BFE31 /* Sudoku */,
			);
		};
/* End PBXProject section */

/* Begin PBXResourcesBuildPhase section */
		874B7AB129E4283B001BFE31 /* Resources */ = {
			isa = PBXResourcesBuildPhase;
			buildActionMask = 2147483647;
			files = (
				87E79F742A0FE17600B6AE73 /* README.md in Resources */,
				874B7ABE29E42841001BFE31 /* Preview Assets.xcassets in Resources */,
				874B7ABB29E42841001BFE31 /* Assets.xcassets in Resources */,
			);
			runOnlyForDeploymentPostprocessing = 0;
		};
/* End PBXResourcesBuildPhase section */

/* Begin PBXSourcesBuildPhase section */
		874B7AAF29E4283B001BFE31 /* Sources */ = {
			isa = PBXSourcesBuildPhase;
			buildActionMask = 2147483647;
			files = (
				872975712A87B29400748E76 /* ArrayUtil.swift in Sources */,
				87C28B802B12122800F6E5F7 /* SettingsView.swift in Sources */,
				87CD8DC42B13672F00E96FEB /* ViewUtil.swift in Sources */,
				87F1213729EAB032008FD529 /* Localizer.swift in Sources */,
				874B7AC029E42841001BFE31 /* Persistence.swift in Sources */,
				878585222A3DDF590063C9E3 /* NewGameView.swift in Sources */,
				87E79F792A111C3A00B6AE73 /* NamedFont.swift in Sources */,
				874B7AB929E4283C001BFE31 /* ContentView.swift in Sources */,
				876400F52A5048A800D3398E /* BoardData.swift in Sources */,
				87F1212B29EAAFA9008FD529 /* BoardView.swift in Sources */,
				874B7AC329E42841001BFE31 /* Sudoku.xcdatamodeld in Sources */,
				87F1213529EAB032008FD529 /* Logger.swift in Sources */,
				872975732A88E43600748E76 /* SudokuGenerator.swift in Sources */,
				874B7AB729E4283C001BFE31 /* SudokuApp.swift in Sources */,
				878585262A3F3B940063C9E3 /* ColorExtension.swift in Sources */,
				878585282A471CD40063C9E3 /* TimerTestView.swift in Sources */,
				8758E4392AB5A911000EFC9F /* NavigationTestView.swift in Sources */,
				87F1213629EAB032008FD529 /* LanguageSettings.swift in Sources */,
				87E79F772A111BC600B6AE73 /* MainMenuView.swift in Sources */,
				873CFC8D2A7FCBF6000A88C3 /* Sudoku.swift in Sources */,
				87F1213929EAB032008FD529 /* StringExtension.swift in Sources */,
				87F1213829EAB032008FD529 /* FileUtil.swift in Sources */,
				87E530D42AA4C62D004059E8 /* NavigationStackView.swift in Sources */,
				87F1213A29EAB032008FD529 /* UIImageExtension.swift in Sources */,
			);
			runOnlyForDeploymentPostprocessing = 0;
		};
/* End PBXSourcesBuildPhase section */

/* Begin XCBuildConfiguration section */
		874B7AC429E42841001BFE31 /* Debug */ = {
			isa = XCBuildConfiguration;
			buildSettings = {
				ALWAYS_SEARCH_USER_PATHS = NO;
				CLANG_ANALYZER_NONNULL = YES;
				CLANG_ANALYZER_NUMBER_OBJECT_CONVERSION = YES_AGGRESSIVE;
				CLANG_CXX_LANGUAGE_STANDARD = "gnu++20";
				CLANG_ENABLE_MODULES = YES;
				CLANG_ENABLE_OBJC_ARC = YES;
				CLANG_ENABLE_OBJC_WEAK = YES;
				CLANG_WARN_BLOCK_CAPTURE_AUTORELEASING = YES;
				CLANG_WARN_BOOL_CONVERSION = YES;
				CLANG_WARN_COMMA = YES;
				CLANG_WARN_CONSTANT_CONVERSION = YES;
				CLANG_WARN_DEPRECATED_OBJC_IMPLEMENTATIONS = YES;
				CLANG_WARN_DIRECT_OBJC_ISA_USAGE = YES_ERROR;
				CLANG_WARN_DOCUMENTATION_COMMENTS = YES;
				CLANG_WARN_EMPTY_BODY = YES;
				CLANG_WARN_ENUM_CONVERSION = YES;
				CLANG_WARN_INFINITE_RECURSION = YES;
				CLANG_WARN_INT_CONVERSION = YES;
				CLANG_WARN_NON_LITERAL_NULL_CONVERSION = YES;
				CLANG_WARN_OBJC_IMPLICIT_RETAIN_SELF = YES;
				CLANG_WARN_OBJC_LITERAL_CONVERSION = YES;
				CLANG_WARN_OBJC_ROOT_CLASS = YES_ERROR;
				CLANG_WARN_QUOTED_INCLUDE_IN_FRAMEWORK_HEADER = YES;
				CLANG_WARN_RANGE_LOOP_ANALYSIS = YES;
				CLANG_WARN_STRICT_PROTOTYPES = YES;
				CLANG_WARN_SUSPICIOUS_MOVE = YES;
				CLANG_WARN_UNGUARDED_AVAILABILITY = YES_AGGRESSIVE;
				CLANG_WARN_UNREACHABLE_CODE = YES;
				CLANG_WARN__DUPLICATE_METHOD_MATCH = YES;
				COPY_PHASE_STRIP = NO;
				DEBUG_INFORMATION_FORMAT = dwarf;
				ENABLE_STRICT_OBJC_MSGSEND = YES;
				ENABLE_TESTABILITY = YES;
				ENABLE_USER_SCRIPT_SANDBOXING = YES;
				GCC_C_LANGUAGE_STANDARD = gnu11;
				GCC_DYNAMIC_NO_PIC = NO;
				GCC_NO_COMMON_BLOCKS = YES;
				GCC_OPTIMIZATION_LEVEL = 0;
				GCC_PREPROCESSOR_DEFINITIONS = (
					"DEBUG=1",
					"$(inherited)",
				);
				GCC_WARN_64_TO_32_BIT_CONVERSION = YES;
				GCC_WARN_ABOUT_RETURN_TYPE = YES_ERROR;
				GCC_WARN_UNDECLARED_SELECTOR = YES;
				GCC_WARN_UNINITIALIZED_AUTOS = YES_AGGRESSIVE;
				GCC_WARN_UNUSED_FUNCTION = YES;
				GCC_WARN_UNUSED_VARIABLE = YES;
				IPHONEOS_DEPLOYMENT_TARGET = 16.4;
				MTL_ENABLE_DEBUG_INFO = INCLUDE_SOURCE;
				MTL_FAST_MATH = YES;
				ONLY_ACTIVE_ARCH = YES;
				SDKROOT = iphoneos;
				SWIFT_ACTIVE_COMPILATION_CONDITIONS = DEBUG;
				SWIFT_OPTIMIZATION_LEVEL = "-Onone";
			};
			name = Debug;
		};
		874B7AC529E42841001BFE31 /* Release */ = {
			isa = XCBuildConfiguration;
			buildSettings = {
				ALWAYS_SEARCH_USER_PATHS = NO;
				CLANG_ANALYZER_NONNULL = YES;
				CLANG_ANALYZER_NUMBER_OBJECT_CONVERSION = YES_AGGRESSIVE;
				CLANG_CXX_LANGUAGE_STANDARD = "gnu++20";
				CLANG_ENABLE_MODULES = YES;
				CLANG_ENABLE_OBJC_ARC = YES;
				CLANG_ENABLE_OBJC_WEAK = YES;
				CLANG_WARN_BLOCK_CAPTURE_AUTORELEASING = YES;
				CLANG_WARN_BOOL_CONVERSION = YES;
				CLANG_WARN_COMMA = YES;
				CLANG_WARN_CONSTANT_CONVERSION = YES;
				CLANG_WARN_DEPRECATED_OBJC_IMPLEMENTATIONS = YES;
				CLANG_WARN_DIRECT_OBJC_ISA_USAGE = YES_ERROR;
				CLANG_WARN_DOCUMENTATION_COMMENTS = YES;
				CLANG_WARN_EMPTY_BODY = YES;
				CLANG_WARN_ENUM_CONVERSION = YES;
				CLANG_WARN_INFINITE_RECURSION = YES;
				CLANG_WARN_INT_CONVERSION = YES;
				CLANG_WARN_NON_LITERAL_NULL_CONVERSION = YES;
				CLANG_WARN_OBJC_IMPLICIT_RETAIN_SELF = YES;
				CLANG_WARN_OBJC_LITERAL_CONVERSION = YES;
				CLANG_WARN_OBJC_ROOT_CLASS = YES_ERROR;
				CLANG_WARN_QUOTED_INCLUDE_IN_FRAMEWORK_HEADER = YES;
				CLANG_WARN_RANGE_LOOP_ANALYSIS = YES;
				CLANG_WARN_STRICT_PROTOTYPES = YES;
				CLANG_WARN_SUSPICIOUS_MOVE = YES;
				CLANG_WARN_UNGUARDED_AVAILABILITY = YES_AGGRESSIVE;
				CLANG_WARN_UNREACHABLE_CODE = YES;
				CLANG_WARN__DUPLICATE_METHOD_MATCH = YES;
				COPY_PHASE_STRIP = NO;
				DEBUG_INFORMATION_FORMAT = "dwarf-with-dsym";
				ENABLE_NS_ASSERTIONS = NO;
				ENABLE_STRICT_OBJC_MSGSEND = YES;
				ENABLE_USER_SCRIPT_SANDBOXING = YES;
				GCC_C_LANGUAGE_STANDARD = gnu11;
				GCC_NO_COMMON_BLOCKS = YES;
				GCC_WARN_64_TO_32_BIT_CONVERSION = YES;
				GCC_WARN_ABOUT_RETURN_TYPE = YES_ERROR;
				GCC_WARN_UNDECLARED_SELECTOR = YES;
				GCC_WARN_UNINITIALIZED_AUTOS = YES_AGGRESSIVE;
				GCC_WARN_UNUSED_FUNCTION = YES;
				GCC_WARN_UNUSED_VARIABLE = YES;
				IPHONEOS_DEPLOYMENT_TARGET = 16.4;
				MTL_ENABLE_DEBUG_INFO = NO;
				MTL_FAST_MATH = YES;
				SDKROOT = iphoneos;
				SWIFT_COMPILATION_MODE = wholemodule;
				SWIFT_OPTIMIZATION_LEVEL = "-O";
				VALIDATE_PRODUCT = YES;
			};
			name = Release;
		};
		874B7AC729E42841001BFE31 /* Debug */ = {
			isa = XCBuildConfiguration;
			buildSettings = {
				ASSETCATALOG_COMPILER_APPICON_NAME = AppIcon;
				ASSETCATALOG_COMPILER_GLOBAL_ACCENT_COLOR_NAME = AccentColor;
				CODE_SIGN_STYLE = Automatic;
				CURRENT_PROJECT_VERSION = 1;
				DEVELOPMENT_ASSET_PATHS = "\"Sudoku/Preview Content\"";
				DEVELOPMENT_TEAM = AJTKGFR8XQ;
				ENABLE_PREVIEWS = YES;
				GENERATE_INFOPLIST_FILE = YES;
				INFOPLIST_KEY_UIApplicationSceneManifest_Generation = YES;
				INFOPLIST_KEY_UIApplicationSupportsIndirectInputEvents = YES;
				INFOPLIST_KEY_UILaunchScreen_Generation = YES;
				INFOPLIST_KEY_UISupportedInterfaceOrientations_iPad = "UIInterfaceOrientationPortrait UIInterfaceOrientationPortraitUpsideDown UIInterfaceOrientationLandscapeLeft UIInterfaceOrientationLandscapeRight";
				INFOPLIST_KEY_UISupportedInterfaceOrientations_iPhone = "UIInterfaceOrientationPortrait UIInterfaceOrientationLandscapeLeft UIInterfaceOrientationLandscapeRight";
				LD_RUNPATH_SEARCH_PATHS = (
					"$(inherited)",
					"@executable_path/Frameworks",
				);
				MARKETING_VERSION = 1.0;
				PRODUCT_BUNDLE_IDENTIFIER = com.lorisoft.Sudoku;
				PRODUCT_NAME = "$(TARGET_NAME)";
				SWIFT_EMIT_LOC_STRINGS = YES;
				SWIFT_VERSION = 5.0;
				TARGETED_DEVICE_FAMILY = "1,2";
			};
			name = Debug;
		};
		874B7AC829E42841001BFE31 /* Release */ = {
			isa = XCBuildConfiguration;
			buildSettings = {
				ASSETCATALOG_COMPILER_APPICON_NAME = AppIcon;
				ASSETCATALOG_COMPILER_GLOBAL_ACCENT_COLOR_NAME = AccentColor;
				CODE_SIGN_STYLE = Automatic;
				CURRENT_PROJECT_VERSION = 1;
				DEVELOPMENT_ASSET_PATHS = "\"Sudoku/Preview Content\"";
				DEVELOPMENT_TEAM = AJTKGFR8XQ;
				ENABLE_PREVIEWS = YES;
				GENERATE_INFOPLIST_FILE = YES;
				INFOPLIST_KEY_UIApplicationSceneManifest_Generation = YES;
				INFOPLIST_KEY_UIApplicationSupportsIndirectInputEvents = YES;
				INFOPLIST_KEY_UILaunchScreen_Generation = YES;
				INFOPLIST_KEY_UISupportedInterfaceOrientations_iPad = "UIInterfaceOrientationPortrait UIInterfaceOrientationPortraitUpsideDown UIInterfaceOrientationLandscapeLeft UIInterfaceOrientationLandscapeRight";
				INFOPLIST_KEY_UISupportedInterfaceOrientations_iPhone = "UIInterfaceOrientationPortrait UIInterfaceOrientationLandscapeLeft UIInterfaceOrientationLandscapeRight";
				LD_RUNPATH_SEARCH_PATHS = (
					"$(inherited)",
					"@executable_path/Frameworks",
				);
				MARKETING_VERSION = 1.0;
				PRODUCT_BUNDLE_IDENTIFIER = com.lorisoft.Sudoku;
				PRODUCT_NAME = "$(TARGET_NAME)";
				SWIFT_EMIT_LOC_STRINGS = YES;
				SWIFT_VERSION = 5.0;
				TARGETED_DEVICE_FAMILY = "1,2";
			};
			name = Release;
		};
/* End XCBuildConfiguration section */

/* Begin XCConfigurationList section */
		874B7AAE29E4283B001BFE31 /* Build configuration list for PBXProject "Sudoku" */ = {
			isa = XCConfigurationList;
			buildConfigurations = (
				874B7AC429E42841001BFE31 /* Debug */,
				874B7AC529E42841001BFE31 /* Release */,
			);
			defaultConfigurationIsVisible = 0;
			defaultConfigurationName = Release;
		};
		874B7AC629E42841001BFE31 /* Build configuration list for PBXNativeTarget "Sudoku" */ = {
			isa = XCConfigurationList;
			buildConfigurations = (
				874B7AC729E42841001BFE31 /* Debug */,
				874B7AC829E42841001BFE31 /* Release */,
			);
			defaultConfigurationIsVisible = 0;
			defaultConfigurationName = Release;
		};
/* End XCConfigurationList section */

/* Begin XCVersionGroup section */
		874B7AC129E42841001BFE31 /* Sudoku.xcdatamodeld */ = {
			isa = XCVersionGroup;
			children = (
				874B7AC229E42841001BFE31 /* Sudoku.xcdatamodel */,
			);
			currentVersion = 874B7AC229E42841001BFE31 /* Sudoku.xcdatamodel */;
			path = Sudoku.xcdatamodeld;
			sourceTree = "<group>";
			versionGroupType = wrapper.xcdatamodel;
		};
/* End XCVersionGroup section */
	};
	rootObject = 874B7AAB29E4283B001BFE31 /* Project object */;
}
